// !$*UTF8*$!
{
	archiveVersion = 1;
	classes = {
	};
	objectVersion = 46;
	objects = {

/* Begin PBXBuildFile section */
		D7569B7F1DA3E8CB0036E6DF /* main.cpp in Sources */ = {isa = PBXBuildFile; fileRef = D7569B7E1DA3E8CB0036E6DF /* main.cpp */; };
/* End PBXBuildFile section */

/* Begin PBXCopyFilesBuildPhase section */
		D7569B791DA3E8CB0036E6DF /* CopyFiles */ = {
			isa = PBXCopyFilesBuildPhase;
			buildActionMask = 2147483647;
			dstPath = /usr/share/man/man1/;
			dstSubfolderSpec = 0;
			files = (
			);
			runOnlyForDeploymentPostprocessing = 1;
		};
/* End PBXCopyFilesBuildPhase section */

/* Begin PBXFileReference section */
		D7569B7B1DA3E8CB0036E6DF /* ACM-ICPC */ = {isa = PBXFileReference; explicitFileType = "compiled.mach-o.executable"; includeInIndex = 0; path = "ACM-ICPC"; sourceTree = BUILT_PRODUCTS_DIR; };
		D7569B7E1DA3E8CB0036E6DF /* main.cpp */ = {isa = PBXFileReference; lastKnownFileType = sourcecode.cpp.cpp; path = main.cpp; sourceTree = "<group>"; };
/* End PBXFileReference section */

/* Begin PBXFrameworksBuildPhase section */
		D7569B781DA3E8CB0036E6DF /* Frameworks */ = {
			isa = PBXFrameworksBuildPhase;
			buildActionMask = 2147483647;
			files = (
			);
			runOnlyForDeploymentPostprocessing = 0;
		};
/* End PBXFrameworksBuildPhase section */

/* Begin PBXGroup section */
		D7569B721DA3E8CB0036E6DF = {
			isa = PBXGroup;
			children = (
				D7569B7D1DA3E8CB0036E6DF /* ACM-ICPC */,
				D7569B7C1DA3E8CB0036E6DF /* Products */,
			);
			sourceTree = "<group>";
		};
		D7569B7C1DA3E8CB0036E6DF /* Products */ = {
			isa = PBXGroup;
			children = (
				D7569B7B1DA3E8CB0036E6DF /* ACM-ICPC */,
			);
			name = Products;
			sourceTree = "<group>";
		};
		D7569B7D1DA3E8CB0036E6DF /* ACM-ICPC */ = {
			isa = PBXGroup;
			children = (
				D7569B7E1DA3E8CB0036E6DF /* main.cpp */,
			);
			path = "ACM-ICPC";
			sourceTree = "<group>";
		};
/* End PBXGroup section */

/* Begin PBXNativeTarget section */
		D7569B7A1DA3E8CB0036E6DF /* ACM-ICPC */ = {
			isa = PBXNativeTarget;
			buildConfigurationList = D7569B821DA3E8CB0036E6DF /* Build configuration list for PBXNativeTarget "ACM-ICPC" */;
			buildPhases = (
				D7569B771DA3E8CB0036E6DF /* Sources */,
				D7569B781DA3E8CB0036E6DF /* Frameworks */,
				D7569B791DA3E8CB0036E6DF /* CopyFiles */,
			);
			buildRules = (
			);
			dependencies = (
			);
			name = "ACM-ICPC";
			productName = "ACM-ICPC";
			productReference = D7569B7B1DA3E8CB0036E6DF /* ACM-ICPC */;
			productType = "com.apple.product-type.tool";
		};
/* End PBXNativeTarget section */

/* Begin PBXProject section */
		D7569B731DA3E8CB0036E6DF /* Project object */ = {
			isa = PBXProject;
			attributes = {
				LastUpgradeCheck = 0800;
				ORGANIZATIONNAME = "Alexander Bradley";
				TargetAttributes = {
					D7569B7A1DA3E8CB0036E6DF = {
						CreatedOnToolsVersion = 8.0;
						DevelopmentTeam = P9GCV8FEM9;
						ProvisioningStyle = Automatic;
					};
				};
			};
			buildConfigurationList = D7569B761DA3E8CB0036E6DF /* Build configuration list for PBXProject "ACM-ICPC" */;
			compatibilityVersion = "Xcode 3.2";
			developmentRegion = English;
			hasScannedForEncodings = 0;
			knownRegions = (
				en,
			);
			mainGroup = D7569B721DA3E8CB0036E6DF;
			productRefGroup = D7569B7C1DA3E8CB0036E6DF /* Products */;
			projectDirPath = "";
			projectRoot = "";
			targets = (
				D7569B7A1DA3E8CB0036E6DF /* ACM-ICPC */,
			);
		};
/* End PBXProject section */

/* Begin PBXSourcesBuildPhase section */
		D7569B771DA3E8CB0036E6DF /* Sources */ = {
			isa = PBXSourcesBuildPhase;
			buildActionMask = 2147483647;
			files = (
				D7569B7F1DA3E8CB0036E6DF /* main.cpp in Sources */,
			);
			runOnlyForDeploymentPostprocessing = 0;
		};
/* End PBXSourcesBuildPhase section */

/* Begin XCBuildConfiguration section */
		D7569B801DA3E8CB0036E6DF /* Debug */ = {
			isa = XCBuildConfiguration;
			buildSettings = {
				ALWAYS_SEARCH_USER_PATHS = NO;
				CLANG_ANALYZER_NONNULL = YES;
				CLANG_CXX_LANGUAGE_STANDARD = "gnu++0x";
				CLANG_CXX_LIBRARY = "libc++";
				CLANG_ENABLE_MODULES = YES;
				CLANG_ENABLE_OBJC_ARC = YES;
				CLANG_WARN_BOOL_CONVERSION = YES;
				CLANG_WARN_CONSTANT_CONVERSION = YES;
				CLANG_WARN_DIRECT_OBJC_ISA_USAGE = YES_ERROR;
				CLANG_WARN_DOCUMENTATION_COMMENTS = YES;
				CLANG_WARN_EMPTY_BODY = YES;
				CLANG_WARN_ENUM_CONVERSION = YES;
				CLANG_WARN_INFINITE_RECURSION = YES;
				CLANG_WARN_INT_CONVERSION = YES;
				CLANG_WARN_OBJC_ROOT_CLASS = YES_ERROR;
				CLANG_WARN_SUSPICIOUS_MOVES = YES;
				CLANG_WARN_UNREACHABLE_CODE = YES;
				CLANG_WARN__DUPLICATE_METHOD_MATCH = YES;
				CODE_SIGN_IDENTITY = "-";
				COPY_PHASE_STRIP = NO;
				DEBUG_INFORMATION_FORMAT = dwarf;
				ENABLE_STRICT_OBJC_MSGSEND = YES;
				ENABLE_TESTABILITY = YES;
				GCC_C_LANGUAGE_STANDARD = gnu99;
				GCC_DYNAMIC_NO_PIC = NO;
				GCC_NO_COMMON_BLOCKS = YES;
				GCC_OPTIMIZATION_LEVEL = 0;
				GCC_PREPROCESSOR_DEFINITIONS = (
					"DEBUG=1",
					"$(inherited)",
				);
				GCC_WARN_64_TO_32_BIT_CONVERSION = YES;
				GCC_WARN_ABOUT_RETURN_TYPE = YES_ERROR;
				GCC_WARN_UNDECLARED_SELECTOR = YES;
				GCC_WARN_UNINITIALIZED_AUTOS = YES_AGGRESSIVE;
				GCC_WARN_UNUSED_FUNCTION = YES;
				GCC_WARN_UNUSED_VARIABLE = YES;
				MACOSX_DEPLOYMENT_TARGET = 10.12;
				MTL_ENABLE_DEBUG_INFO = YES;
				ONLY_ACTIVE_ARCH = YES;
				SDKROOT = macosx;
			};
			name = Debug;
		};
		D7569B811DA3E8CB0036E6DF /* Release */ = {
			isa = XCBuildConfiguration;
			buildSettings = {
				ALWAYS_SEARCH_USER_PATHS = NO;
				CLANG_ANALYZER_NONNULL = YES;
				CLANG_CXX_LANGUAGE_STANDARD = "gnu++0x";
				CLANG_CXX_LIBRARY = "libc++";
				CLANG_ENABLE_MODULES = YES;
				CLANG_ENABLE_OBJC_ARC = YES;
				CLANG_WARN_BOOL_CONVERSION = YES;
				CLANG_WARN_CONSTANT_CONVERSION = YES;
				CLANG_WARN_DIRECT_OBJC_ISA_USAGE = YES_ERROR;
				CLANG_WARN_DOCUMENTATION_COMMENTS = YES;
				CLANG_WARN_EMPTY_BODY = YES;
				CLANG_WARN_ENUM_CONVERSION = YES;
				CLANG_WARN_INFINITE_RECURSION = YES;
				CLANG_WARN_INT_CONVERSION = YES;
				CLANG_WARN_OBJC_ROOT_CLASS = YES_ERROR;
				CLANG_WARN_SUSPICIOUS_MOVES = YES;
				CLANG_WARN_UNREACHABLE_CODE = YES;
				CLANG_WARN__DUPLICATE_METHOD_MATCH = YES;
				CODE_SIGN_IDENTITY = "-";
				COPY_PHASE_STRIP = NO;
				DEBUG_INFORMATION_FORMAT = "dwarf-with-dsym";
				ENABLE_NS_ASSERTIONS = NO;
				ENABLE_STRICT_OBJC_MSGSEND = YES;
				GCC_C_LANGUAGE_STANDARD = gnu99;
				GCC_NO_COMMON_BLOCKS = YES;
				GCC_WARN_64_TO_32_BIT_CONVERSION = YES;
				GCC_WARN_ABOUT_RETURN_TYPE = YES_ERROR;
				GCC_WARN_UNDECLARED_SELECTOR = YES;
				GCC_WARN_UNINITIALIZED_AUTOS = YES_AGGRESSIVE;
				GCC_WARN_UNUSED_FUNCTION = YES;
				GCC_WARN_UNUSED_VARIABLE = YES;
				MACOSX_DEPLOYMENT_TARGET = 10.12;
				MTL_ENABLE_DEBUG_INFO = NO;
				SDKROOT = macosx;
			};
			name = Release;
		};
		D7569B831DA3E8CB0036E6DF /* Debug */ = {
			isa = XCBuildConfiguration;
			buildSettings = {
				DEVELOPMENT_TEAM = P9GCV8FEM9;
				PRODUCT_NAME = "$(TARGET_NAME)";
			};
			name = Debug;
		};
		D7569B841DA3E8CB0036E6DF /* Release */ = {
			isa = XCBuildConfiguration;
			buildSettings = {
				DEVELOPMENT_TEAM = P9GCV8FEM9;
				PRODUCT_NAME = "$(TARGET_NAME)";
			};
			name = Release;
		};
/* End XCBuildConfiguration section */

/* Begin XCConfigurationList section */
		D7569B761DA3E8CB0036E6DF /* Build configuration list for PBXProject "ACM-ICPC" */ = {
			isa = XCConfigurationList;
			buildConfigurations = (
				D7569B801DA3E8CB0036E6DF /* Debug */,
				D7569B811DA3E8CB0036E6DF /* Release */,
			);
			defaultConfigurationIsVisible = 0;
			defaultConfigurationName = Release;
		};
		D7569B821DA3E8CB0036E6DF /* Build configuration list for PBXNativeTarget "ACM-ICPC" */ = {
			isa = XCConfigurationList;
			buildConfigurations = (
				D7569B831DA3E8CB0036E6DF /* Debug */,
				D7569B841DA3E8CB0036E6DF /* Release */,
			);
			defaultConfigurationIsVisible = 0;
		};
/* End XCConfigurationList section */
	};
	rootObject = D7569B731DA3E8CB0036E6DF /* Project object */;
}
